
Microsoft Visual Studio Solution File, Format Version 12.00
# Visual Studio Version 16
VisualStudioVersion = 16.0.29911.84
MinimumVisualStudioVersion = 10.0.40219.1
Project("{FAE04EC0-301F-11D3-BF4B-00C04F79EFBC}") = "RazorPagesMovie", "RazorPagesMovie\RazorPagesMovie.csproj", "{F58DF8EF-EFF6-456A-9683-58E0A6B6B76B}"
EndProject
Global
	GlobalSection(SolutionConfigurationPlatforms) = preSolution
		Debug|Any CPU = Debug|Any CPU
		Release|Any CPU = Release|Any CPU
	EndGlobalSection
	GlobalSection(ProjectConfigurationPlatforms) = postSolution
		{F58DF8EF-EFF6-456A-9683-58E0A6B6B76B}.Debug|Any CPU.ActiveCfg = Debug|Any CPU
		{F58DF8EF-EFF6-456A-9683-58E0A6B6B76B}.Debug|Any CPU.Build.0 = Debug|Any CPU
		{F58DF8EF-EFF6-456A-9683-58E0A6B6B76B}.Release|Any CPU.ActiveCfg = Release|Any CPU
		{F58DF8EF-EFF6-456A-9683-58E0A6B6B76B}.Release|Any CPU.Build.0 = Release|Any CPU
	EndGlobalSection
	GlobalSection(SolutionProperties) = preSolution
		HideSolutionNode = FALSE
	EndGlobalSection
	GlobalSection(ExtensibilityGlobals) = postSolution
		SolutionGuid = {1ADC928E-43DE-44D8-8C4B-832B9E1F6930}
	EndGlobalSection
EndGlobal
